
Microsoft Visual Studio Solution File, Format Version 12.00
# Visual Studio Version 16
VisualStudioVersion = 16.0.31429.391
MinimumVisualStudioVersion = 10.0.40219.1
Project("{FAE04EC0-301F-11D3-BF4B-00C04F79EFBC}") = "SampleApplication", "SampleApplication\SampleApplication.csproj", "{60A783CA-A8F2-4A8F-8A42-EDBB18E1015C}"
EndProject
Global
	GlobalSection(SolutionConfigurationPlatforms) = preSolution
		Debug|Any CPU = Debug|Any CPU
		Release|Any CPU = Release|Any CPU
	EndGlobalSection
	GlobalSection(ProjectConfigurationPlatforms) = postSolution
		{60A783CA-A8F2-4A8F-8A42-EDBB18E1015C}.Debug|Any CPU.ActiveCfg = Debug|Any CPU
		{60A783CA-A8F2-4A8F-8A42-EDBB18E1015C}.Debug|Any CPU.Build.0 = Debug|Any CPU
		{60A783CA-A8F2-4A8F-8A42-EDBB18E1015C}.Release|Any CPU.ActiveCfg = Release|Any CPU
		{60A783CA-A8F2-4A8F-8A42-EDBB18E1015C}.Release|Any CPU.Build.0 = Release|Any CPU
	EndGlobalSection
	GlobalSection(SolutionProperties) = preSolution
		HideSolutionNode = FALSE
	EndGlobalSection
	GlobalSection(ExtensibilityGlobals) = postSolution
		SolutionGuid = {2BD3704F-9E14-438A-BEA1-9DA796DAE5D3}
	EndGlobalSection
EndGlobal
